
Microsoft Visual Studio Solution File, Format Version 12.00
# Visual Studio 15
VisualStudioVersion = 15.0.27924.0
MinimumVisualStudioVersion = 10.0.40219.1
Project("{9A19103F-16F7-4668-BE54-9A1E7A4F7556}") = "SampleWeb", "SampleWeb\SampleWeb.csproj", "{1D0D9A8A-E821-4BF8-A6F3-BFA3DE74D770}"
EndProject
Global
	GlobalSection(SolutionConfigurationPlatforms) = preSolution
		Debug|Any CPU = Debug|Any CPU
		Release|Any CPU = Release|Any CPU
	EndGlobalSection
	GlobalSection(ProjectConfigurationPlatforms) = postSolution
		{1D0D9A8A-E821-4BF8-A6F3-BFA3DE74D770}.Debug|Any CPU.ActiveCfg = Debug|Any CPU
		{1D0D9A8A-E821-4BF8-A6F3-BFA3DE74D770}.Debug|Any CPU.Build.0 = Debug|Any CPU
		{1D0D9A8A-E821-4BF8-A6F3-BFA3DE74D770}.Release|Any CPU.ActiveCfg = Release|Any CPU
		{1D0D9A8A-E821-4BF8-A6F3-BFA3DE74D770}.Release|Any CPU.Build.0 = Release|Any CPU
	EndGlobalSection
	GlobalSection(SolutionProperties) = preSolution
		HideSolutionNode = FALSE
	EndGlobalSection
	GlobalSection(ExtensibilityGlobals) = postSolution
		SolutionGuid = {E4B8EC4E-5AE5-48F8-9078-9C9AB77AC1A5}
	EndGlobalSection
EndGlobal
